
Microsoft Visual Studio Solution File, Format Version 12.00
# Visual Studio Version 16
VisualStudioVersion = 16.0.29709.97
MinimumVisualStudioVersion = 10.0.40219.1
Project("{9A19103F-16F7-4668-BE54-9A1E7A4F7556}") = "Compact.Models", "Compact.Models\Compact.Models.csproj", "{FC905719-2DC6-43F1-A3FE-5E784827DF8F}"
EndProject
Project("{9A19103F-16F7-4668-BE54-9A1E7A4F7556}") = "Compact.Functions", "Compact.Functions\Compact.Functions.csproj", "{1A4A8F2F-4280-4754-A5A7-75391CDE1704}"
EndProject
Global
	GlobalSection(SolutionConfigurationPlatforms) = preSolution
		Debug|Any CPU = Debug|Any CPU
		Release|Any CPU = Release|Any CPU
	EndGlobalSection
	GlobalSection(ProjectConfigurationPlatforms) = postSolution
		{FC905719-2DC6-43F1-A3FE-5E784827DF8F}.Debug|Any CPU.ActiveCfg = Debug|Any CPU
		{FC905719-2DC6-43F1-A3FE-5E784827DF8F}.Debug|Any CPU.Build.0 = Debug|Any CPU
		{FC905719-2DC6-43F1-A3FE-5E784827DF8F}.Release|Any CPU.ActiveCfg = Release|Any CPU
		{FC905719-2DC6-43F1-A3FE-5E784827DF8F}.Release|Any CPU.Build.0 = Release|Any CPU
		{1A4A8F2F-4280-4754-A5A7-75391CDE1704}.Debug|Any CPU.ActiveCfg = Debug|Any CPU
		{1A4A8F2F-4280-4754-A5A7-75391CDE1704}.Debug|Any CPU.Build.0 = Debug|Any CPU
		{1A4A8F2F-4280-4754-A5A7-75391CDE1704}.Release|Any CPU.ActiveCfg = Release|Any CPU
		{1A4A8F2F-4280-4754-A5A7-75391CDE1704}.Release|Any CPU.Build.0 = Release|Any CPU
	EndGlobalSection
	GlobalSection(SolutionProperties) = preSolution
		HideSolutionNode = FALSE
	EndGlobalSection
	GlobalSection(ExtensibilityGlobals) = postSolution
		SolutionGuid = {C0E8A52B-AE8C-437D-99E6-81A084CFECC2}
	EndGlobalSection
EndGlobal
